
Microsoft Visual Studio Solution File, Format Version 12.00
# Visual Studio Version 16
VisualStudioVersion = 16.0.32510.428
MinimumVisualStudioVersion = 10.0.40219.1
Project("{9A19103F-16F7-4668-BE54-9A1E7A4F7556}") = "FiguresLibrary", "AreaOfFigure\FiguresLibrary.csproj", "{45058802-85FF-4409-B11B-8037FD023C88}"
EndProject
Project("{9A19103F-16F7-4668-BE54-9A1E7A4F7556}") = "FiguresLibrary.Tests", "AreaOfFigure.Tests\FiguresLibrary.Tests.csproj", "{B2BFF793-66A8-4C2B-819C-BBA11BD41D9C}"
EndProject
Global
	GlobalSection(SolutionConfigurationPlatforms) = preSolution
		Debug|Any CPU = Debug|Any CPU
		Release|Any CPU = Release|Any CPU
	EndGlobalSection
	GlobalSection(ProjectConfigurationPlatforms) = postSolution
		{45058802-85FF-4409-B11B-8037FD023C88}.Debug|Any CPU.ActiveCfg = Debug|Any CPU
		{45058802-85FF-4409-B11B-8037FD023C88}.Debug|Any CPU.Build.0 = Debug|Any CPU
		{45058802-85FF-4409-B11B-8037FD023C88}.Release|Any CPU.ActiveCfg = Release|Any CPU
		{45058802-85FF-4409-B11B-8037FD023C88}.Release|Any CPU.Build.0 = Release|Any CPU
		{B2BFF793-66A8-4C2B-819C-BBA11BD41D9C}.Debug|Any CPU.ActiveCfg = Debug|Any CPU
		{B2BFF793-66A8-4C2B-819C-BBA11BD41D9C}.Debug|Any CPU.Build.0 = Debug|Any CPU
		{B2BFF793-66A8-4C2B-819C-BBA11BD41D9C}.Release|Any CPU.ActiveCfg = Release|Any CPU
		{B2BFF793-66A8-4C2B-819C-BBA11BD41D9C}.Release|Any CPU.Build.0 = Release|Any CPU
	EndGlobalSection
	GlobalSection(SolutionProperties) = preSolution
		HideSolutionNode = FALSE
	EndGlobalSection
	GlobalSection(ExtensibilityGlobals) = postSolution
		SolutionGuid = {8414235C-F315-489B-BA5C-A4E1ED79C94F}
	EndGlobalSection
EndGlobal
